// !$*UTF8*$!
{
	archiveVersion = 1;
	classes = {
	};
	objectVersion = 46;
	objects = {

/* Begin PBXBuildFile section */
		2E07C9FD18464FB100612722 /* MapKit.framework in Frameworks */ = {isa = PBXBuildFile; fileRef = 2E07C9FC18464FB100612722 /* MapKit.framework */; };
		2E27A84D18C7ED01007C1F72 /* kayakingConditionsButtonCell.m in Sources */ = {isa = PBXBuildFile; fileRef = 2E27A84C18C7ED01007C1F72 /* kayakingConditionsButtonCell.m */; };
		2E3332D918552588005A4ECF /* WeatherEvent.m in Sources */ = {isa = PBXBuildFile; fileRef = 2E3332D818552588005A4ECF /* WeatherEvent.m */; };
		2E41A01B185B8FCD00CDF189 /* dateTimePickerViewController.m in Sources */ = {isa = PBXBuildFile; fileRef = 2E41A01A185B8FCD00CDF189 /* dateTimePickerViewController.m */; };
		2E41A01E185D234500CDF189 /* pinnedEventsViewController.m in Sources */ = {isa = PBXBuildFile; fileRef = 2E41A01D185D234500CDF189 /* pinnedEventsViewController.m */; };
		2E66757718AAF56D00686B33 /* TidalEvent.m in Sources */ = {isa = PBXBuildFile; fileRef = 2E66757618AAF56D00686B33 /* TidalEvent.m */; };
		2E66757A18AC0D2000686B33 /* WeatherTidesViewController.m in Sources */ = {isa = PBXBuildFile; fileRef = 2E66757918AC0D2000686B33 /* WeatherTidesViewController.m */; };
		2E66757D18AC118000686B33 /* MeterViewCell.m in Sources */ = {isa = PBXBuildFile; fileRef = 2E66757C18AC118000686B33 /* MeterViewCell.m */; };
		2E66758318AD087C00686B33 /* WeatherViewCell.m in Sources */ = {isa = PBXBuildFile; fileRef = 2E66758218AD087C00686B33 /* WeatherViewCell.m */; };
		2EBCA6C7184F776300B4156E /* EventDetailsViewController.m in Sources */ = {isa = PBXBuildFile; fileRef = 2EBCA6C6184F776300B4156E /* EventDetailsViewController.m */; };
		2EBCA6CA184F7E9600B4156E /* EventImageCell.m in Sources */ = {isa = PBXBuildFile; fileRef = 2EBCA6C9184F7E9600B4156E /* EventImageCell.m */; };
		2EDB52771842E1C100A58733 /* Foundation.framework in Frameworks */ = {isa = PBXBuildFile; fileRef = 2EDB52761842E1C100A58733 /* Foundation.framework */; };
		2EDB52791842E1C100A58733 /* CoreGraphics.framework in Frameworks */ = {isa = PBXBuildFile; fileRef = 2EDB52781842E1C100A58733 /* CoreGraphics.framework */; };
		2EDB527B1842E1C100A58733 /* UIKit.framework in Frameworks */ = {isa = PBXBuildFile; fileRef = 2EDB527A1842E1C100A58733 /* UIKit.framework */; };
		2EDB52811842E1C100A58733 /* InfoPlist.strings in Resources */ = {isa = PBXBuildFile; fileRef = 2EDB527F1842E1C100A58733 /* InfoPlist.strings */; };
		2EDB52831842E1C100A58733 /* main.m in Sources */ = {isa = PBXBuildFile; fileRef = 2EDB52821842E1C100A58733 /* main.m */; };
		2EDB52871842E1C100A58733 /* AppDelegate.m in Sources */ = {isa = PBXBuildFile; fileRef = 2EDB52861842E1C100A58733 /* AppDelegate.m */; };
		2EDB528A1842E1C100A58733 /* Main.storyboard in Resources */ = {isa = PBXBuildFile; fileRef = 2EDB52881842E1C100A58733 /* Main.storyboard */; };
		2EDB52B31842E67700A58733 /* EventsCell.m in Sources */ = {isa = PBXBuildFile; fileRef = 2EDB52B21842E67700A58733 /* EventsCell.m */; };
		2EDB52B91842ED3900A58733 /* EventsViewController.m in Sources */ = {isa = PBXBuildFile; fileRef = 2EDB52B81842ED3900A58733 /* EventsViewController.m */; };
		2EDB52BB1845223D00A58733 /* FacebookSDK.framework in Frameworks */ = {isa = PBXBuildFile; fileRef = 2EDB52BA1845223D00A58733 /* FacebookSDK.framework */; };
		2EDB52C1184533C900A58733 /* FacebookEvent.m in Sources */ = {isa = PBXBuildFile; fileRef = 2EDB52C0184533C900A58733 /* FacebookEvent.m */; };
		2EF26683185A3DF5009D2480 /* Images.xcassets in Resources */ = {isa = PBXBuildFile; fileRef = 2EF26682185A3DF5009D2480 /* Images.xcassets */; };
		2EF8599D185B77C7007A6B5C /* VenueFinderViewController.m in Sources */ = {isa = PBXBuildFile; fileRef = 2EF8599C185B77C7007A6B5C /* VenueFinderViewController.m */; };
/* End PBXBuildFile section */

/* Begin PBXFileReference section */
		2E07C9FC18464FB100612722 /* MapKit.framework */ = {isa = PBXFileReference; lastKnownFileType = wrapper.framework; name = MapKit.framework; path = System/Library/Frameworks/MapKit.framework; sourceTree = SDKROOT; };
		2E27A84B18C7ED01007C1F72 /* kayakingConditionsButtonCell.h */ = {isa = PBXFileReference; fileEncoding = 4; lastKnownFileType = sourcecode.c.h; path = kayakingConditionsButtonCell.h; sourceTree = "<group>"; };
		2E27A84C18C7ED01007C1F72 /* kayakingConditionsButtonCell.m */ = {isa = PBXFileReference; fileEncoding = 4; lastKnownFileType = sourcecode.c.objc; path = kayakingConditionsButtonCell.m; sourceTree = "<group>"; };
		2E3332D718552588005A4ECF /* WeatherEvent.h */ = {isa = PBXFileReference; fileEncoding = 4; lastKnownFileType = sourcecode.c.h; path = WeatherEvent.h; sourceTree = "<group>"; };
		2E3332D818552588005A4ECF /* WeatherEvent.m */ = {isa = PBXFileReference; fileEncoding = 4; lastKnownFileType = sourcecode.c.objc; path = WeatherEvent.m; sourceTree = "<group>"; };
		2E41A019185B8FCD00CDF189 /* dateTimePickerViewController.h */ = {isa = PBXFileReference; fileEncoding = 4; lastKnownFileType = sourcecode.c.h; path = dateTimePickerViewController.h; sourceTree = "<group>"; };
		2E41A01A185B8FCD00CDF189 /* dateTimePickerViewController.m */ = {isa = PBXFileReference; fileEncoding = 4; lastKnownFileType = sourcecode.c.objc; path = dateTimePickerViewController.m; sourceTree = "<group>"; };
		2E41A01C185D234500CDF189 /* pinnedEventsViewController.h */ = {isa = PBXFileReference; fileEncoding = 4; lastKnownFileType = sourcecode.c.h; path = pinnedEventsViewController.h; sourceTree = "<group>"; };
		2E41A01D185D234500CDF189 /* pinnedEventsViewController.m */ = {isa = PBXFileReference; fileEncoding = 4; lastKnownFileType = sourcecode.c.objc; path = pinnedEventsViewController.m; sourceTree = "<group>"; };
		2E66757518AAF56D00686B33 /* TidalEvent.h */ = {isa = PBXFileReference; fileEncoding = 4; lastKnownFileType = sourcecode.c.h; path = TidalEvent.h; sourceTree = "<group>"; };
		2E66757618AAF56D00686B33 /* TidalEvent.m */ = {isa = PBXFileReference; fileEncoding = 4; lastKnownFileType = sourcecode.c.objc; path = TidalEvent.m; sourceTree = "<group>"; };
		2E66757818AC0D2000686B33 /* WeatherTidesViewController.h */ = {isa = PBXFileReference; fileEncoding = 4; lastKnownFileType = sourcecode.c.h; path = WeatherTidesViewController.h; sourceTree = "<group>"; };
		2E66757918AC0D2000686B33 /* WeatherTidesViewController.m */ = {isa = PBXFileReference; fileEncoding = 4; lastKnownFileType = sourcecode.c.objc; path = WeatherTidesViewController.m; sourceTree = "<group>"; };
		2E66757B18AC118000686B33 /* MeterViewCell.h */ = {isa = PBXFileReference; fileEncoding = 4; lastKnownFileType = sourcecode.c.h; path = MeterViewCell.h; sourceTree = "<group>"; };
		2E66757C18AC118000686B33 /* MeterViewCell.m */ = {isa = PBXFileReference; fileEncoding = 4; lastKnownFileType = sourcecode.c.objc; path = MeterViewCell.m; sourceTree = "<group>"; };
		2E66758118AD087C00686B33 /* WeatherViewCell.h */ = {isa = PBXFileReference; fileEncoding = 4; lastKnownFileType = sourcecode.c.h; path = WeatherViewCell.h; sourceTree = "<group>"; };
		2E66758218AD087C00686B33 /* WeatherViewCell.m */ = {isa = PBXFileReference; fileEncoding = 4; lastKnownFileType = sourcecode.c.objc; path = WeatherViewCell.m; sourceTree = "<group>"; };
		2EBCA6C5184F776300B4156E /* EventDetailsViewController.h */ = {isa = PBXFileReference; fileEncoding = 4; lastKnownFileType = sourcecode.c.h; path = EventDetailsViewController.h; sourceTree = "<group>"; };
		2EBCA6C6184F776300B4156E /* EventDetailsViewController.m */ = {isa = PBXFileReference; fileEncoding = 4; lastKnownFileType = sourcecode.c.objc; path = EventDetailsViewController.m; sourceTree = "<group>"; };
		2EBCA6C8184F7E9600B4156E /* EventImageCell.h */ = {isa = PBXFileReference; fileEncoding = 4; lastKnownFileType = sourcecode.c.h; path = EventImageCell.h; sourceTree = "<group>"; };
		2EBCA6C9184F7E9600B4156E /* EventImageCell.m */ = {isa = PBXFileReference; fileEncoding = 4; lastKnownFileType = sourcecode.c.objc; path = EventImageCell.m; sourceTree = "<group>"; };
		2EDB52731842E1C100A58733 /* nskv1.app */ = {isa = PBXFileReference; explicitFileType = wrapper.application; includeInIndex = 0; path = nskv1.app; sourceTree = BUILT_PRODUCTS_DIR; };
		2EDB52761842E1C100A58733 /* Foundation.framework */ = {isa = PBXFileReference; lastKnownFileType = wrapper.framework; name = Foundation.framework; path = System/Library/Frameworks/Foundation.framework; sourceTree = SDKROOT; };
		2EDB52781842E1C100A58733 /* CoreGraphics.framework */ = {isa = PBXFileReference; lastKnownFileType = wrapper.framework; name = CoreGraphics.framework; path = System/Library/Frameworks/CoreGraphics.framework; sourceTree = SDKROOT; };
		2EDB527A1842E1C100A58733 /* UIKit.framework */ = {isa = PBXFileReference; lastKnownFileType = wrapper.framework; name = UIKit.framework; path = System/Library/Frameworks/UIKit.framework; sourceTree = SDKROOT; };
		2EDB527E1842E1C100A58733 /* nskv1-Info.plist */ = {isa = PBXFileReference; lastKnownFileType = text.plist.xml; path = "nskv1-Info.plist"; sourceTree = "<group>"; };
		2EDB52801842E1C100A58733 /* en */ = {isa = PBXFileReference; lastKnownFileType = text.plist.strings; name = en; path = en.lproj/InfoPlist.strings; sourceTree = "<group>"; };
		2EDB52821842E1C100A58733 /* main.m */ = {isa = PBXFileReference; lastKnownFileType = sourcecode.c.objc; path = main.m; sourceTree = "<group>"; };
		2EDB52841842E1C100A58733 /* nskv1-Prefix.pch */ = {isa = PBXFileReference; lastKnownFileType = sourcecode.c.h; path = "nskv1-Prefix.pch"; sourceTree = "<group>"; };
		2EDB52851842E1C100A58733 /* AppDelegate.h */ = {isa = PBXFileReference; lastKnownFileType = sourcecode.c.h; path = AppDelegate.h; sourceTree = "<group>"; };
		2EDB52861842E1C100A58733 /* AppDelegate.m */ = {isa = PBXFileReference; lastKnownFileType = sourcecode.c.objc; path = AppDelegate.m; sourceTree = "<group>"; };
		2EDB52891842E1C100A58733 /* Base */ = {isa = PBXFileReference; lastKnownFileType = file.storyboard; name = Base; path = Base.lproj/Main.storyboard; sourceTree = "<group>"; };
		2EDB52981842E1C100A58733 /* XCTest.framework */ = {isa = PBXFileReference; lastKnownFileType = wrapper.framework; name = XCTest.framework; path = Library/Frameworks/XCTest.framework; sourceTree = DEVELOPER_DIR; };
		2EDB52A01842E1C100A58733 /* nskv1Tests-Info.plist */ = {isa = PBXFileReference; lastKnownFileType = text.plist.xml; path = "nskv1Tests-Info.plist"; sourceTree = "<group>"; };
		2EDB52A21842E1C100A58733 /* en */ = {isa = PBXFileReference; lastKnownFileType = text.plist.strings; name = en; path = en.lproj/InfoPlist.strings; sourceTree = "<group>"; };
		2EDB52A41842E1C100A58733 /* nskv1Tests.m */ = {isa = PBXFileReference; lastKnownFileType = sourcecode.c.objc; path = nskv1Tests.m; sourceTree = "<group>"; };
		2EDB52B11842E67700A58733 /* EventsCell.h */ = {isa = PBXFileReference; fileEncoding = 4; lastKnownFileType = sourcecode.c.h; path = EventsCell.h; sourceTree = "<group>"; };
		2EDB52B21842E67700A58733 /* EventsCell.m */ = {isa = PBXFileReference; fileEncoding = 4; lastKnownFileType = sourcecode.c.objc; path = EventsCell.m; sourceTree = "<group>"; };
		2EDB52B71842ED3900A58733 /* EventsViewController.h */ = {isa = PBXFileReference; fileEncoding = 4; lastKnownFileType = sourcecode.c.h; path = EventsViewController.h; sourceTree = "<group>"; };
		2EDB52B81842ED3900A58733 /* EventsViewController.m */ = {isa = PBXFileReference; fileEncoding = 4; lastKnownFileType = sourcecode.c.objc; path = EventsViewController.m; sourceTree = "<group>"; };
		2EDB52BA1845223D00A58733 /* FacebookSDK.framework */ = {isa = PBXFileReference; lastKnownFileType = wrapper.framework; name = FacebookSDK.framework; path = ../../../../Documents/FacebookSDK/FacebookSDK.framework; sourceTree = "<group>"; };
		2EDB52BF184533C900A58733 /* FacebookEvent.h */ = {isa = PBXFileReference; fileEncoding = 4; lastKnownFileType = sourcecode.c.h; name = FacebookEvent.h; path = ../FacebookEvent.h; sourceTree = "<group>"; };
		2EDB52C0184533C900A58733 /* FacebookEvent.m */ = {isa = PBXFileReference; fileEncoding = 4; lastKnownFileType = sourcecode.c.objc; name = FacebookEvent.m; path = ../FacebookEvent.m; sourceTree = "<group>"; };
		2EF26682185A3DF5009D2480 /* Images.xcassets */ = {isa = PBXFileReference; lastKnownFileType = folder.assetcatalog; path = Images.xcassets; sourceTree = "<group>"; };
		2EF8599B185B77C7007A6B5C /* VenueFinderViewController.h */ = {isa = PBXFileReference; fileEncoding = 4; lastKnownFileType = sourcecode.c.h; path = VenueFinderViewController.h; sourceTree = "<group>"; };
		2EF8599C185B77C7007A6B5C /* VenueFinderViewController.m */ = {isa = PBXFileReference; fileEncoding = 4; lastKnownFileType = sourcecode.c.objc; path = VenueFinderViewController.m; sourceTree = "<group>"; };
/* End PBXFileReference section */

/* Begin PBXFrameworksBuildPhase section */
		2EDB52701842E1C100A58733 /* Frameworks */ = {
			isa = PBXFrameworksBuildPhase;
			buildActionMask = 2147483647;
			files = (
				2E07C9FD18464FB100612722 /* MapKit.framework in Frameworks */,
				2EDB52BB1845223D00A58733 /* FacebookSDK.framework in Frameworks */,
				2EDB52791842E1C100A58733 /* CoreGraphics.framework in Frameworks */,
				2EDB527B1842E1C100A58733 /* UIKit.framework in Frameworks */,
				2EDB52771842E1C100A58733 /* Foundation.framework in Frameworks */,
			);
			runOnlyForDeploymentPostprocessing = 0;
		};
/* End PBXFrameworksBuildPhase section */

/* Begin PBXGroup section */
		2EDB526A1842E1C100A58733 = {
			isa = PBXGroup;
			children = (
				2EDB527C1842E1C100A58733 /* nskv1 */,
				2EDB529E1842E1C100A58733 /* nskv1Tests */,
				2EDB52751842E1C100A58733 /* Frameworks */,
				2EDB52741842E1C100A58733 /* Products */,
			);
			sourceTree = "<group>";
		};
		2EDB52741842E1C100A58733 /* Products */ = {
			isa = PBXGroup;
			children = (
				2EDB52731842E1C100A58733 /* nskv1.app */,
			);
			name = Products;
			sourceTree = "<group>";
		};
		2EDB52751842E1C100A58733 /* Frameworks */ = {
			isa = PBXGroup;
			children = (
				2E07C9FC18464FB100612722 /* MapKit.framework */,
				2EDB52BA1845223D00A58733 /* FacebookSDK.framework */,
				2EDB52761842E1C100A58733 /* Foundation.framework */,
				2EDB52781842E1C100A58733 /* CoreGraphics.framework */,
				2EDB527A1842E1C100A58733 /* UIKit.framework */,
				2EDB52981842E1C100A58733 /* XCTest.framework */,
			);
			name = Frameworks;
			sourceTree = "<group>";
		};
		2EDB527C1842E1C100A58733 /* nskv1 */ = {
			isa = PBXGroup;
			children = (
				2EF26682185A3DF5009D2480 /* Images.xcassets */,
				2EDB527D1842E1C100A58733 /* Supporting Files */,
				2EDB52BF184533C900A58733 /* FacebookEvent.h */,
				2EDB52C0184533C900A58733 /* FacebookEvent.m */,
				2EDB52851842E1C100A58733 /* AppDelegate.h */,
				2EDB52861842E1C100A58733 /* AppDelegate.m */,
				2EDB52881842E1C100A58733 /* Main.storyboard */,
				2E66757B18AC118000686B33 /* MeterViewCell.h */,
				2E66757C18AC118000686B33 /* MeterViewCell.m */,
				2E66757818AC0D2000686B33 /* WeatherTidesViewController.h */,
				2E66757918AC0D2000686B33 /* WeatherTidesViewController.m */,
				2EDB52B11842E67700A58733 /* EventsCell.h */,
				2EDB52B21842E67700A58733 /* EventsCell.m */,
				2EDB52B71842ED3900A58733 /* EventsViewController.h */,
				2EDB52B81842ED3900A58733 /* EventsViewController.m */,
				2EBCA6C5184F776300B4156E /* EventDetailsViewController.h */,
				2EBCA6C6184F776300B4156E /* EventDetailsViewController.m */,
				2EBCA6C8184F7E9600B4156E /* EventImageCell.h */,
				2EBCA6C9184F7E9600B4156E /* EventImageCell.m */,
				2E3332D718552588005A4ECF /* WeatherEvent.h */,
				2E3332D818552588005A4ECF /* WeatherEvent.m */,
				2EF8599B185B77C7007A6B5C /* VenueFinderViewController.h */,
				2EF8599C185B77C7007A6B5C /* VenueFinderViewController.m */,
				2E41A019185B8FCD00CDF189 /* dateTimePickerViewController.h */,
				2E41A01A185B8FCD00CDF189 /* dateTimePickerViewController.m */,
				2E41A01C185D234500CDF189 /* pinnedEventsViewController.h */,
				2E41A01D185D234500CDF189 /* pinnedEventsViewController.m */,
				2E66757518AAF56D00686B33 /* TidalEvent.h */,
				2E66757618AAF56D00686B33 /* TidalEvent.m */,
				2E66758118AD087C00686B33 /* WeatherViewCell.h */,
				2E66758218AD087C00686B33 /* WeatherViewCell.m */,
				2E27A84B18C7ED01007C1F72 /* kayakingConditionsButtonCell.h */,
				2E27A84C18C7ED01007C1F72 /* kayakingConditionsButtonCell.m */,
			);
			path = nskv1;
			sourceTree = "<group>";
		};
		2EDB527D1842E1C100A58733 /* Supporting Files */ = {
			isa = PBXGroup;
			children = (
				2EDB527E1842E1C100A58733 /* nskv1-Info.plist */,
				2EDB527F1842E1C100A58733 /* InfoPlist.strings */,
				2EDB52821842E1C100A58733 /* main.m */,
				2EDB52841842E1C100A58733 /* nskv1-Prefix.pch */,
			);
			name = "Supporting Files";
			sourceTree = "<group>";
		};
		2EDB529E1842E1C100A58733 /* nskv1Tests */ = {
			isa = PBXGroup;
			children = (
				2EDB52A41842E1C100A58733 /* nskv1Tests.m */,
				2EDB529F1842E1C100A58733 /* Supporting Files */,
			);
			path = nskv1Tests;
			sourceTree = "<group>";
		};
		2EDB529F1842E1C100A58733 /* Supporting Files */ = {
			isa = PBXGroup;
			children = (
				2EDB52A01842E1C100A58733 /* nskv1Tests-Info.plist */,
				2EDB52A11842E1C100A58733 /* InfoPlist.strings */,
			);
			name = "Supporting Files";
			sourceTree = "<group>";
		};
/* End PBXGroup section */

/* Begin PBXNativeTarget section */
		2EDB52721842E1C100A58733 /* nskv1 */ = {
			isa = PBXNativeTarget;
			buildConfigurationList = 2EDB52A81842E1C100A58733 /* Build configuration list for PBXNativeTarget "nskv1" */;
			buildPhases = (
				2EDB526F1842E1C100A58733 /* Sources */,
				2EDB52701842E1C100A58733 /* Frameworks */,
				2EDB52711842E1C100A58733 /* Resources */,
			);
			buildRules = (
			);
			dependencies = (
			);
			name = nskv1;
			productName = nskv1;
			productReference = 2EDB52731842E1C100A58733 /* nskv1.app */;
			productType = "com.apple.product-type.application";
		};
/* End PBXNativeTarget section */

/* Begin PBXProject section */
		2EDB526B1842E1C100A58733 /* Project object */ = {
			isa = PBXProject;
			attributes = {
				LastUpgradeCheck = 0500;
				ORGANIZATIONNAME = "Omorr Faruk";
				TargetAttributes = {
					2EDB52721842E1C100A58733 = {
						DevelopmentTeam = 679D3DL4GB;
						SystemCapabilities = {
							com.apple.BackgroundModes = {
								enabled = 0;
							};
							com.apple.Keychain = {
								enabled = 0;
							};
						};
					};
				};
			};
			buildConfigurationList = 2EDB526E1842E1C100A58733 /* Build configuration list for PBXProject "nskv1" */;
			compatibilityVersion = "Xcode 3.2";
			developmentRegion = English;
			hasScannedForEncodings = 0;
			knownRegions = (
				en,
				Base,
			);
			mainGroup = 2EDB526A1842E1C100A58733;
			productRefGroup = 2EDB52741842E1C100A58733 /* Products */;
			projectDirPath = "";
			projectRoot = "";
			targets = (
				2EDB52721842E1C100A58733 /* nskv1 */,
			);
		};
/* End PBXProject section */

/* Begin PBXResourcesBuildPhase section */
		2EDB52711842E1C100A58733 /* Resources */ = {
			isa = PBXResourcesBuildPhase;
			buildActionMask = 2147483647;
			files = (
				2EF26683185A3DF5009D2480 /* Images.xcassets in Resources */,
				2EDB52811842E1C100A58733 /* InfoPlist.strings in Resources */,
				2EDB528A1842E1C100A58733 /* Main.storyboard in Resources */,
			);
			runOnlyForDeploymentPostprocessing = 0;
		};
/* End PBXResourcesBuildPhase section */

/* Begin PBXSourcesBuildPhase section */
		2EDB526F1842E1C100A58733 /* Sources */ = {
			isa = PBXSourcesBuildPhase;
			buildActionMask = 2147483647;
			files = (
				2EBCA6CA184F7E9600B4156E /* EventImageCell.m in Sources */,
				2E66757A18AC0D2000686B33 /* WeatherTidesViewController.m in Sources */,
				2E41A01E185D234500CDF189 /* pinnedEventsViewController.m in Sources */,
				2E66758318AD087C00686B33 /* WeatherViewCell.m in Sources */,
				2E3332D918552588005A4ECF /* WeatherEvent.m in Sources */,
				2EDB52B91842ED3900A58733 /* EventsViewController.m in Sources */,
				2EBCA6C7184F776300B4156E /* EventDetailsViewController.m in Sources */,
				2EDB52871842E1C100A58733 /* AppDelegate.m in Sources */,
				2EF8599D185B77C7007A6B5C /* VenueFinderViewController.m in Sources */,
				2E41A01B185B8FCD00CDF189 /* dateTimePickerViewController.m in Sources */,
				2EDB52831842E1C100A58733 /* main.m in Sources */,
				2EDB52C1184533C900A58733 /* FacebookEvent.m in Sources */,
				2EDB52B31842E67700A58733 /* EventsCell.m in Sources */,
				2E66757D18AC118000686B33 /* MeterViewCell.m in Sources */,
				2E27A84D18C7ED01007C1F72 /* kayakingConditionsButtonCell.m in Sources */,
				2E66757718AAF56D00686B33 /* TidalEvent.m in Sources */,
			);
			runOnlyForDeploymentPostprocessing = 0;
		};
/* End PBXSourcesBuildPhase section */

/* Begin PBXVariantGroup section */
		2EDB527F1842E1C100A58733 /* InfoPlist.strings */ = {
			isa = PBXVariantGroup;
			children = (
				2EDB52801842E1C100A58733 /* en */,
			);
			name = InfoPlist.strings;
			sourceTree = "<group>";
		};
		2EDB52881842E1C100A58733 /* Main.storyboard */ = {
			isa = PBXVariantGroup;
			children = (
				2EDB52891842E1C100A58733 /* Base */,
			);
			name = Main.storyboard;
			sourceTree = "<group>";
		};
		2EDB52A11842E1C100A58733 /* InfoPlist.strings */ = {
			isa = PBXVariantGroup;
			children = (
				2EDB52A21842E1C100A58733 /* en */,
			);
			name = InfoPlist.strings;
			sourceTree = "<group>";
		};
/* End PBXVariantGroup section */

/* Begin XCBuildConfiguration section */
		2EDB52A61842E1C100A58733 /* Debug */ = {
			isa = XCBuildConfiguration;
			buildSettings = {
				ALWAYS_SEARCH_USER_PATHS = NO;
				ARCHS = "$(ARCHS_STANDARD_INCLUDING_64_BIT)";
				CLANG_CXX_LANGUAGE_STANDARD = "gnu++0x";
				CLANG_CXX_LIBRARY = "libc++";
				CLANG_ENABLE_MODULES = YES;
				CLANG_ENABLE_OBJC_ARC = YES;
				CLANG_WARN_BOOL_CONVERSION = YES;
				CLANG_WARN_CONSTANT_CONVERSION = YES;
				CLANG_WARN_DIRECT_OBJC_ISA_USAGE = YES_ERROR;
				CLANG_WARN_EMPTY_BODY = YES;
				CLANG_WARN_ENUM_CONVERSION = YES;
				CLANG_WARN_INT_CONVERSION = YES;
				CLANG_WARN_OBJC_ROOT_CLASS = YES_ERROR;
				CLANG_WARN__DUPLICATE_METHOD_MATCH = YES;
				"CODE_SIGN_IDENTITY[sdk=iphoneos*]" = "iPhone Developer";
				COPY_PHASE_STRIP = NO;
				GCC_C_LANGUAGE_STANDARD = gnu99;
				GCC_DYNAMIC_NO_PIC = NO;
				GCC_OPTIMIZATION_LEVEL = 0;
				GCC_PREPROCESSOR_DEFINITIONS = (
					"DEBUG=1",
					"$(inherited)",
				);
				GCC_SYMBOLS_PRIVATE_EXTERN = NO;
				GCC_WARN_64_TO_32_BIT_CONVERSION = YES;
				GCC_WARN_ABOUT_RETURN_TYPE = YES_ERROR;
				GCC_WARN_UNDECLARED_SELECTOR = YES;
				GCC_WARN_UNINITIALIZED_AUTOS = YES;
				GCC_WARN_UNUSED_FUNCTION = YES;
				GCC_WARN_UNUSED_VARIABLE = YES;
				IPHONEOS_DEPLOYMENT_TARGET = 7.0;
				ONLY_ACTIVE_ARCH = YES;
				SDKROOT = iphoneos;
			};
			name = Debug;
		};
		2EDB52A71842E1C100A58733 /* Release */ = {
			isa = XCBuildConfiguration;
			buildSettings = {
				ALWAYS_SEARCH_USER_PATHS = NO;
				ARCHS = "$(ARCHS_STANDARD_INCLUDING_64_BIT)";
				CLANG_CXX_LANGUAGE_STANDARD = "gnu++0x";
				CLANG_CXX_LIBRARY = "libc++";
				CLANG_ENABLE_MODULES = YES;
				CLANG_ENABLE_OBJC_ARC = YES;
				CLANG_WARN_BOOL_CONVERSION = YES;
				CLANG_WARN_CONSTANT_CONVERSION = YES;
				CLANG_WARN_DIRECT_OBJC_ISA_USAGE = YES_ERROR;
				CLANG_WARN_EMPTY_BODY = YES;
				CLANG_WARN_ENUM_CONVERSION = YES;
				CLANG_WARN_INT_CONVERSION = YES;
				CLANG_WARN_OBJC_ROOT_CLASS = YES_ERROR;
				CLANG_WARN__DUPLICATE_METHOD_MATCH = YES;
				"CODE_SIGN_IDENTITY[sdk=iphoneos*]" = "iPhone Developer";
				COPY_PHASE_STRIP = YES;
				ENABLE_NS_ASSERTIONS = NO;
				GCC_C_LANGUAGE_STANDARD = gnu99;
				GCC_WARN_64_TO_32_BIT_CONVERSION = YES;
				GCC_WARN_ABOUT_RETURN_TYPE = YES_ERROR;
				GCC_WARN_UNDECLARED_SELECTOR = YES;
				GCC_WARN_UNINITIALIZED_AUTOS = YES;
				GCC_WARN_UNUSED_FUNCTION = YES;
				GCC_WARN_UNUSED_VARIABLE = YES;
				IPHONEOS_DEPLOYMENT_TARGET = 7.0;
				SDKROOT = iphoneos;
				VALIDATE_PRODUCT = YES;
			};
			name = Release;
		};
		2EDB52A91842E1C100A58733 /* Debug */ = {
			isa = XCBuildConfiguration;
			buildSettings = {
				ASSETCATALOG_COMPILER_APPICON_NAME = AppIcon;
				ASSETCATALOG_COMPILER_LAUNCHIMAGE_NAME = LaunchImage;
				CODE_SIGN_IDENTITY = "iPhone Developer";
				"CODE_SIGN_IDENTITY[sdk=iphoneos*]" = "iPhone Developer";
				FRAMEWORK_SEARCH_PATHS = (
					"$(inherited)",
					/Users/Omorr/Documents/FacebookSDK,
				);
				GCC_PRECOMPILE_PREFIX_HEADER = YES;
				GCC_PREFIX_HEADER = "nskv1/nskv1-Prefix.pch";
				INFOPLIST_FILE = "nskv1/nskv1-Info.plist";
				IPHONEOS_DEPLOYMENT_TARGET = 7.0;
				PRODUCT_NAME = "$(TARGET_NAME)";
				PROVISIONING_PROFILE = "";
				TARGETED_DEVICE_FAMILY = 1;
				WRAPPER_EXTENSION = app;
			};
			name = Debug;
		};
		2EDB52AA1842E1C100A58733 /* Release */ = {
			isa = XCBuildConfiguration;
			buildSettings = {
				ASSETCATALOG_COMPILER_APPICON_NAME = AppIcon;
				ASSETCATALOG_COMPILER_LAUNCHIMAGE_NAME = LaunchImage;
				CODE_SIGN_IDENTITY = "iPhone Developer";
				"CODE_SIGN_IDENTITY[sdk=iphoneos*]" = "iPhone Developer";
				FRAMEWORK_SEARCH_PATHS = (
					"$(inherited)",
					/Users/Omorr/Documents/FacebookSDK,
				);
				GCC_PRECOMPILE_PREFIX_HEADER = YES;
				GCC_PREFIX_HEADER = "nskv1/nskv1-Prefix.pch";
				INFOPLIST_FILE = "nskv1/nskv1-Info.plist";
				IPHONEOS_DEPLOYMENT_TARGET = 7.0;
				PRODUCT_NAME = "$(TARGET_NAME)";
				PROVISIONING_PROFILE = "";
				TARGETED_DEVICE_FAMILY = 1;
				WRAPPER_EXTENSION = app;
			};
			name = Release;
		};
/* End XCBuildConfiguration section */

/* Begin XCConfigurationList section */
		2EDB526E1842E1C100A58733 /* Build configuration list for PBXProject "nskv1" */ = {
			isa = XCConfigurationList;
			buildConfigurations = (
				2EDB52A61842E1C100A58733 /* Debug */,
				2EDB52A71842E1C100A58733 /* Release */,
			);
			defaultConfigurationIsVisible = 0;
			defaultConfigurationName = Release;
		};
		2EDB52A81842E1C100A58733 /* Build configuration list for PBXNativeTarget "nskv1" */ = {
			isa = XCConfigurationList;
			buildConfigurations = (
				2EDB52A91842E1C100A58733 /* Debug */,
				2EDB52AA1842E1C100A58733 /* Release */,
			);
			defaultConfigurationIsVisible = 0;
			defaultConfigurationName = Release;
		};
/* End XCConfigurationList section */
	};
	rootObject = 2EDB526B1842E1C100A58733 /* Project object */;
}
